// !$*UTF8*$!
{
	archiveVersion = 1;
	classes = {
	};
	objectVersion = 46;
	objects = {

/* Begin PBXBuildFile section */
		9A220E831B94B460000D6834 /* main.m in Sources */ = {isa = PBXBuildFile; fileRef = 9A220E821B94B460000D6834 /* main.m */; };
		9A220E861B94B460000D6834 /* AppDelegate.m in Sources */ = {isa = PBXBuildFile; fileRef = 9A220E851B94B460000D6834 /* AppDelegate.m */; };
		9A220E891B94B460000D6834 /* ViewController.m in Sources */ = {isa = PBXBuildFile; fileRef = 9A220E881B94B460000D6834 /* ViewController.m */; };
		9A220E8C1B94B460000D6834 /* Main.storyboard in Resources */ = {isa = PBXBuildFile; fileRef = 9A220E8A1B94B460000D6834 /* Main.storyboard */; };
		9A220E8E1B94B460000D6834 /* Images.xcassets in Resources */ = {isa = PBXBuildFile; fileRef = 9A220E8D1B94B460000D6834 /* Images.xcassets */; };
		9A220E911B94B460000D6834 /* LaunchScreen.xib in Resources */ = {isa = PBXBuildFile; fileRef = 9A220E8F1B94B460000D6834 /* LaunchScreen.xib */; };
		9A220E9D1B94B461000D6834 /* CYLDispatchSourceTestTests.m in Sources */ = {isa = PBXBuildFile; fileRef = 9A220E9C1B94B461000D6834 /* CYLDispatchSourceTestTests.m */; };
/* End PBXBuildFile section */

/* Begin PBXContainerItemProxy section */
		9A220E971B94B461000D6834 /* PBXContainerItemProxy */ = {
			isa = PBXContainerItemProxy;
			containerPortal = 9A220E751B94B460000D6834 /* Project object */;
			proxyType = 1;
			remoteGlobalIDString = 9A220E7C1B94B460000D6834;
			remoteInfo = CYLDispatchSourceTest;
		};
/* End PBXContainerItemProxy section */

/* Begin PBXFileReference section */
		9A220E7D1B94B460000D6834 /* CYLDispatchSourceTest.app */ = {isa = PBXFileReference; explicitFileType = wrapper.application; includeInIndex = 0; path = CYLDispatchSourceTest.app; sourceTree = BUILT_PRODUCTS_DIR; };
		9A220E811B94B460000D6834 /* Info.plist */ = {isa = PBXFileReference; lastKnownFileType = text.plist.xml; path = Info.plist; sourceTree = "<group>"; };
		9A220E821B94B460000D6834 /* main.m */ = {isa = PBXFileReference; lastKnownFileType = sourcecode.c.objc; path = main.m; sourceTree = "<group>"; };
		9A220E841B94B460000D6834 /* AppDelegate.h */ = {isa = PBXFileReference; lastKnownFileType = sourcecode.c.h; path = AppDelegate.h; sourceTree = "<group>"; };
		9A220E851B94B460000D6834 /* AppDelegate.m */ = {isa = PBXFileReference; lastKnownFileType = sourcecode.c.objc; path = AppDelegate.m; sourceTree = "<group>"; };
		9A220E871B94B460000D6834 /* ViewController.h */ = {isa = PBXFileReference; lastKnownFileType = sourcecode.c.h; path = ViewController.h; sourceTree = "<group>"; };
		9A220E881B94B460000D6834 /* ViewController.m */ = {isa = PBXFileReference; lastKnownFileType = sourcecode.c.objc; path = ViewController.m; sourceTree = "<group>"; };
		9A220E8B1B94B460000D6834 /* Base */ = {isa = PBXFileReference; lastKnownFileType = file.storyboard; name = Base; path = Base.lproj/Main.storyboard; sourceTree = "<group>"; };
		9A220E8D1B94B460000D6834 /* Images.xcassets */ = {isa = PBXFileReference; lastKnownFileType = folder.assetcatalog; path = Images.xcassets; sourceTree = "<group>"; };
		9A220E901B94B460000D6834 /* Base */ = {isa = PBXFileReference; lastKnownFileType = file.xib; name = Base; path = Base.lproj/LaunchScreen.xib; sourceTree = "<group>"; };
		9A220E961B94B461000D6834 /* CYLDispatchSourceTestTests.xctest */ = {isa = PBXFileReference; explicitFileType = wrapper.cfbundle; includeInIndex = 0; path = CYLDispatchSourceTestTests.xctest; sourceTree = BUILT_PRODUCTS_DIR; };
		9A220E9B1B94B461000D6834 /* Info.plist */ = {isa = PBXFileReference; lastKnownFileType = text.plist.xml; path = Info.plist; sourceTree = "<group>"; };
		9A220E9C1B94B461000D6834 /* CYLDispatchSourceTestTests.m */ = {isa = PBXFileReference; lastKnownFileType = sourcecode.c.objc; path = CYLDispatchSourceTestTests.m; sourceTree = "<group>"; };
/* End PBXFileReference section */

/* Begin PBXFrameworksBuildPhase section */
		9A220E7A1B94B460000D6834 /* Frameworks */ = {
			isa = PBXFrameworksBuildPhase;
			buildActionMask = 2147483647;
			files = (
			);
			runOnlyForDeploymentPostprocessing = 0;
		};
		9A220E931B94B461000D6834 /* Frameworks */ = {
			isa = PBXFrameworksBuildPhase;
			buildActionMask = 2147483647;
			files = (
			);
			runOnlyForDeploymentPostprocessing = 0;
		};
/* End PBXFrameworksBuildPhase section */

/* Begin PBXGroup section */
		9A220E741B94B460000D6834 = {
			isa = PBXGroup;
			children = (
				9A220E7F1B94B460000D6834 /* CYLDispatchSourceTest */,
				9A220E991B94B461000D6834 /* CYLDispatchSourceTestTests */,
				9A220E7E1B94B460000D6834 /* Products */,
			);
			sourceTree = "<group>";
		};
		9A220E7E1B94B460000D6834 /* Products */ = {
			isa = PBXGroup;
			children = (
				9A220E7D1B94B460000D6834 /* CYLDispatchSourceTest.app */,
				9A220E961B94B461000D6834 /* CYLDispatchSourceTestTests.xctest */,
			);
			name = Products;
			sourceTree = "<group>";
		};
		9A220E7F1B94B460000D6834 /* CYLDispatchSourceTest */ = {
			isa = PBXGroup;
			children = (
				9A220E841B94B460000D6834 /* AppDelegate.h */,
				9A220E851B94B460000D6834 /* AppDelegate.m */,
				9A220E871B94B460000D6834 /* ViewController.h */,
				9A220E881B94B460000D6834 /* ViewController.m */,
				9A220E8A1B94B460000D6834 /* Main.storyboard */,
				9A220E8D1B94B460000D6834 /* Images.xcassets */,
				9A220E8F1B94B460000D6834 /* LaunchScreen.xib */,
				9A220E801B94B460000D6834 /* Supporting Files */,
			);
			path = CYLDispatchSourceTest;
			sourceTree = "<group>";
		};
		9A220E801B94B460000D6834 /* Supporting Files */ = {
			isa = PBXGroup;
			children = (
				9A220E811B94B460000D6834 /* Info.plist */,
				9A220E821B94B460000D6834 /* main.m */,
			);
			name = "Supporting Files";
			sourceTree = "<group>";
		};
		9A220E991B94B461000D6834 /* CYLDispatchSourceTestTests */ = {
			isa = PBXGroup;
			children = (
				9A220E9C1B94B461000D6834 /* CYLDispatchSourceTestTests.m */,
				9A220E9A1B94B461000D6834 /* Supporting Files */,
			);
			path = CYLDispatchSourceTestTests;
			sourceTree = "<group>";
		};
		9A220E9A1B94B461000D6834 /* Supporting Files */ = {
			isa = PBXGroup;
			children = (
				9A220E9B1B94B461000D6834 /* Info.plist */,
			);
			name = "Supporting Files";
			sourceTree = "<group>";
		};
/* End PBXGroup section */

/* Begin PBXNativeTarget section */
		9A220E7C1B94B460000D6834 /* CYLDispatchSourceTest */ = {
			isa = PBXNativeTarget;
			buildConfigurationList = 9A220EA01B94B461000D6834 /* Build configuration list for PBXNativeTarget "CYLDispatchSourceTest" */;
			buildPhases = (
				9A220E791B94B460000D6834 /* Sources */,
				9A220E7A1B94B460000D6834 /* Frameworks */,
				9A220E7B1B94B460000D6834 /* Resources */,
			);
			buildRules = (
			);
			dependencies = (
			);
			name = CYLDispatchSourceTest;
			productName = CYLDispatchSourceTest;
			productReference = 9A220E7D1B94B460000D6834 /* CYLDispatchSourceTest.app */;
			productType = "com.apple.product-type.application";
		};
		9A220E951B94B461000D6834 /* CYLDispatchSourceTestTests */ = {
			isa = PBXNativeTarget;
			buildConfigurationList = 9A220EA31B94B461000D6834 /* Build configuration list for PBXNativeTarget "CYLDispatchSourceTestTests" */;
			buildPhases = (
				9A220E921B94B461000D6834 /* Sources */,
				9A220E931B94B461000D6834 /* Frameworks */,
				9A220E941B94B461000D6834 /* Resources */,
			);
			buildRules = (
			);
			dependencies = (
				9A220E981B94B461000D6834 /* PBXTargetDependency */,
			);
			name = CYLDispatchSourceTestTests;
			productName = CYLDispatchSourceTestTests;
			productReference = 9A220E961B94B461000D6834 /* CYLDispatchSourceTestTests.xctest */;
			productType = "com.apple.product-type.bundle.unit-test";
		};
/* End PBXNativeTarget section */

/* Begin PBXProject section */
		9A220E751B94B460000D6834 /* Project object */ = {
			isa = PBXProject;
			attributes = {
				LastUpgradeCheck = 0630;
				ORGANIZATIONNAME = "微博@iOS程序犭袁";
				TargetAttributes = {
					9A220E7C1B94B460000D6834 = {
						CreatedOnToolsVersion = 6.3;
					};
					9A220E951B94B461000D6834 = {
						CreatedOnToolsVersion = 6.3;
						TestTargetID = 9A220E7C1B94B460000D6834;
					};
				};
			};
			buildConfigurationList = 9A220E781B94B460000D6834 /* Build configuration list for PBXProject "CYLDispatchSourceTest" */;
			compatibilityVersion = "Xcode 3.2";
			developmentRegion = English;
			hasScannedForEncodings = 0;
			knownRegions = (
				en,
				Base,
			);
			mainGroup = 9A220E741B94B460000D6834;
			productRefGroup = 9A220E7E1B94B460000D6834 /* Products */;
			projectDirPath = "";
			projectRoot = "";
			targets = (
				9A220E7C1B94B460000D6834 /* CYLDispatchSourceTest */,
				9A220E951B94B461000D6834 /* CYLDispatchSourceTestTests */,
			);
		};
/* End PBXProject section */

/* Begin PBXResourcesBuildPhase section */
		9A220E7B1B94B460000D6834 /* Resources */ = {
			isa = PBXResourcesBuildPhase;
			buildActionMask = 2147483647;
			files = (
				9A220E8C1B94B460000D6834 /* Main.storyboard in Resources */,
				9A220E911B94B460000D6834 /* LaunchScreen.xib in Resources */,
				9A220E8E1B94B460000D6834 /* Images.xcassets in Resources */,
			);
			runOnlyForDeploymentPostprocessing = 0;
		};
		9A220E941B94B461000D6834 /* Resources */ = {
			isa = PBXResourcesBuildPhase;
			buildActionMask = 2147483647;
			files = (
			);
			runOnlyForDeploymentPostprocessing = 0;
		};
/* End PBXResourcesBuildPhase section */

/* Begin PBXSourcesBuildPhase section */
		9A220E791B94B460000D6834 /* Sources */ = {
			isa = PBXSourcesBuildPhase;
			buildActionMask = 2147483647;
			files = (
				9A220E891B94B460000D6834 /* ViewController.m in Sources */,
				9A220E861B94B460000D6834 /* AppDelegate.m in Sources */,
				9A220E831B94B460000D6834 /* main.m in Sources */,
			);
			runOnlyForDeploymentPostprocessing = 0;
		};
		9A220E921B94B461000D6834 /* Sources */ = {
			isa = PBXSourcesBuildPhase;
			buildActionMask = 2147483647;
			files = (
				9A220E9D1B94B461000D6834 /* CYLDispatchSourceTestTests.m in Sources */,
			);
			runOnlyForDeploymentPostprocessing = 0;
		};
/* End PBXSourcesBuildPhase section */

/* Begin PBXTargetDependency section */
		9A220E981B94B461000D6834 /* PBXTargetDependency */ = {
			isa = PBXTargetDependency;
			target = 9A220E7C1B94B460000D6834 /* CYLDispatchSourceTest */;
			targetProxy = 9A220E971B94B461000D6834 /* PBXContainerItemProxy */;
		};
/* End PBXTargetDependency section */

/* Begin PBXVariantGroup section */
		9A220E8A1B94B460000D6834 /* Main.storyboard */ = {
			isa = PBXVariantGroup;
			children = (
				9A220E8B1B94B460000D6834 /* Base */,
			);
			name = Main.storyboard;
			sourceTree = "<group>";
		};
		9A220E8F1B94B460000D6834 /* LaunchScreen.xib */ = {
			isa = PBXVariantGroup;
			children = (
				9A220E901B94B460000D6834 /* Base */,
			);
			name = LaunchScreen.xib;
			sourceTree = "<group>";
		};
/* End PBXVariantGroup section */

/* Begin XCBuildConfiguration section */
		9A220E9E1B94B461000D6834 /* Debug */ = {
			isa = XCBuildConfiguration;
			buildSettings = {
				ALWAYS_SEARCH_USER_PATHS = NO;
				CLANG_CXX_LANGUAGE_STANDARD = "gnu++0x";
				CLANG_CXX_LIBRARY = "libc++";
				CLANG_ENABLE_MODULES = YES;
				CLANG_ENABLE_OBJC_ARC = YES;
				CLANG_WARN_BOOL_CONVERSION = YES;
				CLANG_WARN_CONSTANT_CONVERSION = YES;
				CLANG_WARN_DIRECT_OBJC_ISA_USAGE = YES_ERROR;
				CLANG_WARN_EMPTY_BODY = YES;
				CLANG_WARN_ENUM_CONVERSION = YES;
				CLANG_WARN_INT_CONVERSION = YES;
				CLANG_WARN_OBJC_ROOT_CLASS = YES_ERROR;
				CLANG_WARN_UNREACHABLE_CODE = YES;
				CLANG_WARN__DUPLICATE_METHOD_MATCH = YES;
				"CODE_SIGN_IDENTITY[sdk=iphoneos*]" = "iPhone Developer";
				COPY_PHASE_STRIP = NO;
				DEBUG_INFORMATION_FORMAT = "dwarf-with-dsym";
				ENABLE_STRICT_OBJC_MSGSEND = YES;
				GCC_C_LANGUAGE_STANDARD = gnu99;
				GCC_DYNAMIC_NO_PIC = NO;
				GCC_NO_COMMON_BLOCKS = YES;
				GCC_OPTIMIZATION_LEVEL = 0;
				GCC_PREPROCESSOR_DEFINITIONS = (
					"DEBUG=1",
					"$(inherited)",
				);
				GCC_SYMBOLS_PRIVATE_EXTERN = NO;
				GCC_WARN_64_TO_32_BIT_CONVERSION = YES;
				GCC_WARN_ABOUT_RETURN_TYPE = YES_ERROR;
				GCC_WARN_UNDECLARED_SELECTOR = YES;
				GCC_WARN_UNINITIALIZED_AUTOS = YES_AGGRESSIVE;
				GCC_WARN_UNUSED_FUNCTION = YES;
				GCC_WARN_UNUSED_VARIABLE = YES;
				IPHONEOS_DEPLOYMENT_TARGET = 8.3;
				MTL_ENABLE_DEBUG_INFO = YES;
				ONLY_ACTIVE_ARCH = YES;
				SDKROOT = iphoneos;
				TARGETED_DEVICE_FAMILY = "1,2";
			};
			name = Debug;
		};
		9A220E9F1B94B461000D6834 /* Release */ = {
			isa = XCBuildConfiguration;
			buildSettings = {
				ALWAYS_SEARCH_USER_PATHS = NO;
				CLANG_CXX_LANGUAGE_STANDARD = "gnu++0x";
				CLANG_CXX_LIBRARY = "libc++";
				CLANG_ENABLE_MODULES = YES;
				CLANG_ENABLE_OBJC_ARC = YES;
				CLANG_WARN_BOOL_CONVERSION = YES;
				CLANG_WARN_CONSTANT_CONVERSION = YES;
				CLANG_WARN_DIRECT_OBJC_ISA_USAGE = YES_ERROR;
				CLANG_WARN_EMPTY_BODY = YES;
				CLANG_WARN_ENUM_CONVERSION = YES;
				CLANG_WARN_INT_CONVERSION = YES;
				CLANG_WARN_OBJC_ROOT_CLASS = YES_ERROR;
				CLANG_WARN_UNREACHABLE_CODE = YES;
				CLANG_WARN__DUPLICATE_METHOD_MATCH = YES;
				"CODE_SIGN_IDENTITY[sdk=iphoneos*]" = "iPhone Developer";
				COPY_PHASE_STRIP = NO;
				DEBUG_INFORMATION_FORMAT = "dwarf-with-dsym";
				ENABLE_NS_ASSERTIONS = NO;
				ENABLE_STRICT_OBJC_MSGSEND = YES;
				GCC_C_LANGUAGE_STANDARD = gnu99;
				GCC_NO_COMMON_BLOCKS = YES;
				GCC_WARN_64_TO_32_BIT_CONVERSION = YES;
				GCC_WARN_ABOUT_RETURN_TYPE = YES_ERROR;
				GCC_WARN_UNDECLARED_SELECTOR = YES;
				GCC_WARN_UNINITIALIZED_AUTOS = YES_AGGRESSIVE;
				GCC_WARN_UNUSED_FUNCTION = YES;
				GCC_WARN_UNUSED_VARIABLE = YES;
				IPHONEOS_DEPLOYMENT_TARGET = 8.3;
				MTL_ENABLE_DEBUG_INFO = NO;
				SDKROOT = iphoneos;
				TARGETED_DEVICE_FAMILY = "1,2";
				VALIDATE_PRODUCT = YES;
			};
			name = Release;
		};
		9A220EA11B94B461000D6834 /* Debug */ = {
			isa = XCBuildConfiguration;
			buildSettings = {
				ASSETCATALOG_COMPILER_APPICON_NAME = AppIcon;
				INFOPLIST_FILE = CYLDispatchSourceTest/Info.plist;
				LD_RUNPATH_SEARCH_PATHS = "$(inherited) @executable_path/Frameworks";
				PRODUCT_NAME = "$(TARGET_NAME)";
			};
			name = Debug;
		};
		9A220EA21B94B461000D6834 /* Release */ = {
			isa = XCBuildConfiguration;
			buildSettings = {
				ASSETCATALOG_COMPILER_APPICON_NAME = AppIcon;
				INFOPLIST_FILE = CYLDispatchSourceTest/Info.plist;
				LD_RUNPATH_SEARCH_PATHS = "$(inherited) @executable_path/Frameworks";
				PRODUCT_NAME = "$(TARGET_NAME)";
			};
			name = Release;
		};
		9A220EA41B94B461000D6834 /* Debug */ = {
			isa = XCBuildConfiguration;
			buildSettings = {
				BUNDLE_LOADER = "$(TEST_HOST)";
				FRAMEWORK_SEARCH_PATHS = (
					"$(SDKROOT)/Developer/Library/Frameworks",
					"$(inherited)",
				);
				GCC_PREPROCESSOR_DEFINITIONS = (
					"DEBUG=1",
					"$(inherited)",
				);
				INFOPLIST_FILE = CYLDispatchSourceTestTests/Info.plist;
				LD_RUNPATH_SEARCH_PATHS = "$(inherited) @executable_path/Frameworks @loader_path/Frameworks";
				PRODUCT_NAME = "$(TARGET_NAME)";
				TEST_HOST = "$(BUILT_PRODUCTS_DIR)/CYLDispatchSourceTest.app/CYLDispatchSourceTest";
			};
			name = Debug;
		};
		9A220EA51B94B461000D6834 /* Release */ = {
			isa = XCBuildConfiguration;
			buildSettings = {
				BUNDLE_LOADER = "$(TEST_HOST)";
				FRAMEWORK_SEARCH_PATHS = (
					"$(SDKROOT)/Developer/Library/Frameworks",
					"$(inherited)",
				);
				INFOPLIST_FILE = CYLDispatchSourceTestTests/Info.plist;
				LD_RUNPATH_SEARCH_PATHS = "$(inherited) @executable_path/Frameworks @loader_path/Frameworks";
				PRODUCT_NAME = "$(TARGET_NAME)";
				TEST_HOST = "$(BUILT_PRODUCTS_DIR)/CYLDispatchSourceTest.app/CYLDispatchSourceTest";
			};
			name = Release;
		};
/* End XCBuildConfiguration section */

/* Begin XCConfigurationList section */
		9A220E781B94B460000D6834 /* Build configuration list for PBXProject "CYLDispatchSourceTest" */ = {
			isa = XCConfigurationList;
			buildConfigurations = (
				9A220E9E1B94B461000D6834 /* Debug */,
				9A220E9F1B94B461000D6834 /* Release */,
			);
			defaultConfigurationIsVisible = 0;
			defaultConfigurationName = Release;
		};
		9A220EA01B94B461000D6834 /* Build configuration list for PBXNativeTarget "CYLDispatchSourceTest" */ = {
			isa = XCConfigurationList;
			buildConfigurations = (
				9A220EA11B94B461000D6834 /* Debug */,
				9A220EA21B94B461000D6834 /* Release */,
			);
			defaultConfigurationIsVisible = 0;
		};
		9A220EA31B94B461000D6834 /* Build configuration list for PBXNativeTarget "CYLDispatchSourceTestTests" */ = {
			isa = XCConfigurationList;
			buildConfigurations = (
				9A220EA41B94B461000D6834 /* Debug */,
				9A220EA51B94B461000D6834 /* Release */,
			);
			defaultConfigurationIsVisible = 0;
		};
/* End XCConfigurationList section */
	};
	rootObject = 9A220E751B94B460000D6834 /* Project object */;
}
