// !$*UTF8*$!
{
	archiveVersion = 1;
	classes = {
	};
	objectVersion = 46;
	objects = {

/* Begin PBXBuildFile section */
		9A20A4D51B9B133100251ED0 /* main.m in Sources */ = {isa = PBXBuildFile; fileRef = 9A20A4D41B9B133100251ED0 /* main.m */; };
		9A20A4D81B9B133100251ED0 /* AppDelegate.m in Sources */ = {isa = PBXBuildFile; fileRef = 9A20A4D71B9B133100251ED0 /* AppDelegate.m */; };
		9A20A4DB1B9B133100251ED0 /* ViewController.m in Sources */ = {isa = PBXBuildFile; fileRef = 9A20A4DA1B9B133100251ED0 /* ViewController.m */; };
		9A20A4DE1B9B133100251ED0 /* Main.storyboard in Resources */ = {isa = PBXBuildFile; fileRef = 9A20A4DC1B9B133100251ED0 /* Main.storyboard */; };
		9A20A4E01B9B133100251ED0 /* Images.xcassets in Resources */ = {isa = PBXBuildFile; fileRef = 9A20A4DF1B9B133100251ED0 /* Images.xcassets */; };
		9A20A4E31B9B133100251ED0 /* LaunchScreen.xib in Resources */ = {isa = PBXBuildFile; fileRef = 9A20A4E11B9B133100251ED0 /* LaunchScreen.xib */; };
		9A20A4EF1B9B133100251ED0 /* CYLDispatchQueueSuspendTestTests.m in Sources */ = {isa = PBXBuildFile; fileRef = 9A20A4EE1B9B133100251ED0 /* CYLDispatchQueueSuspendTestTests.m */; };
/* End PBXBuildFile section */

/* Begin PBXContainerItemProxy section */
		9A20A4E91B9B133100251ED0 /* PBXContainerItemProxy */ = {
			isa = PBXContainerItemProxy;
			containerPortal = 9A20A4C71B9B133100251ED0 /* Project object */;
			proxyType = 1;
			remoteGlobalIDString = 9A20A4CE1B9B133100251ED0;
			remoteInfo = CYLDispatchQueueSuspendTest;
		};
/* End PBXContainerItemProxy section */

/* Begin PBXFileReference section */
		9A20A4CF1B9B133100251ED0 /* CYLDispatchQueueSuspendTest.app */ = {isa = PBXFileReference; explicitFileType = wrapper.application; includeInIndex = 0; path = CYLDispatchQueueSuspendTest.app; sourceTree = BUILT_PRODUCTS_DIR; };
		9A20A4D31B9B133100251ED0 /* Info.plist */ = {isa = PBXFileReference; lastKnownFileType = text.plist.xml; path = Info.plist; sourceTree = "<group>"; };
		9A20A4D41B9B133100251ED0 /* main.m */ = {isa = PBXFileReference; lastKnownFileType = sourcecode.c.objc; path = main.m; sourceTree = "<group>"; };
		9A20A4D61B9B133100251ED0 /* AppDelegate.h */ = {isa = PBXFileReference; lastKnownFileType = sourcecode.c.h; path = AppDelegate.h; sourceTree = "<group>"; };
		9A20A4D71B9B133100251ED0 /* AppDelegate.m */ = {isa = PBXFileReference; lastKnownFileType = sourcecode.c.objc; path = AppDelegate.m; sourceTree = "<group>"; };
		9A20A4D91B9B133100251ED0 /* ViewController.h */ = {isa = PBXFileReference; lastKnownFileType = sourcecode.c.h; path = ViewController.h; sourceTree = "<group>"; };
		9A20A4DA1B9B133100251ED0 /* ViewController.m */ = {isa = PBXFileReference; lastKnownFileType = sourcecode.c.objc; path = ViewController.m; sourceTree = "<group>"; };
		9A20A4DD1B9B133100251ED0 /* Base */ = {isa = PBXFileReference; lastKnownFileType = file.storyboard; name = Base; path = Base.lproj/Main.storyboard; sourceTree = "<group>"; };
		9A20A4DF1B9B133100251ED0 /* Images.xcassets */ = {isa = PBXFileReference; lastKnownFileType = folder.assetcatalog; path = Images.xcassets; sourceTree = "<group>"; };
		9A20A4E21B9B133100251ED0 /* Base */ = {isa = PBXFileReference; lastKnownFileType = file.xib; name = Base; path = Base.lproj/LaunchScreen.xib; sourceTree = "<group>"; };
		9A20A4E81B9B133100251ED0 /* CYLDispatchQueueSuspendTestTests.xctest */ = {isa = PBXFileReference; explicitFileType = wrapper.cfbundle; includeInIndex = 0; path = CYLDispatchQueueSuspendTestTests.xctest; sourceTree = BUILT_PRODUCTS_DIR; };
		9A20A4ED1B9B133100251ED0 /* Info.plist */ = {isa = PBXFileReference; lastKnownFileType = text.plist.xml; path = Info.plist; sourceTree = "<group>"; };
		9A20A4EE1B9B133100251ED0 /* CYLDispatchQueueSuspendTestTests.m */ = {isa = PBXFileReference; lastKnownFileType = sourcecode.c.objc; path = CYLDispatchQueueSuspendTestTests.m; sourceTree = "<group>"; };
/* End PBXFileReference section */

/* Begin PBXFrameworksBuildPhase section */
		9A20A4CC1B9B133100251ED0 /* Frameworks */ = {
			isa = PBXFrameworksBuildPhase;
			buildActionMask = 2147483647;
			files = (
			);
			runOnlyForDeploymentPostprocessing = 0;
		};
		9A20A4E51B9B133100251ED0 /* Frameworks */ = {
			isa = PBXFrameworksBuildPhase;
			buildActionMask = 2147483647;
			files = (
			);
			runOnlyForDeploymentPostprocessing = 0;
		};
/* End PBXFrameworksBuildPhase section */

/* Begin PBXGroup section */
		9A20A4C61B9B133100251ED0 = {
			isa = PBXGroup;
			children = (
				9A20A4D11B9B133100251ED0 /* CYLDispatchQueueSuspendTest */,
				9A20A4EB1B9B133100251ED0 /* CYLDispatchQueueSuspendTestTests */,
				9A20A4D01B9B133100251ED0 /* Products */,
			);
			sourceTree = "<group>";
		};
		9A20A4D01B9B133100251ED0 /* Products */ = {
			isa = PBXGroup;
			children = (
				9A20A4CF1B9B133100251ED0 /* CYLDispatchQueueSuspendTest.app */,
				9A20A4E81B9B133100251ED0 /* CYLDispatchQueueSuspendTestTests.xctest */,
			);
			name = Products;
			sourceTree = "<group>";
		};
		9A20A4D11B9B133100251ED0 /* CYLDispatchQueueSuspendTest */ = {
			isa = PBXGroup;
			children = (
				9A20A4D61B9B133100251ED0 /* AppDelegate.h */,
				9A20A4D71B9B133100251ED0 /* AppDelegate.m */,
				9A20A4D91B9B133100251ED0 /* ViewController.h */,
				9A20A4DA1B9B133100251ED0 /* ViewController.m */,
				9A20A4DC1B9B133100251ED0 /* Main.storyboard */,
				9A20A4DF1B9B133100251ED0 /* Images.xcassets */,
				9A20A4E11B9B133100251ED0 /* LaunchScreen.xib */,
				9A20A4D21B9B133100251ED0 /* Supporting Files */,
			);
			path = CYLDispatchQueueSuspendTest;
			sourceTree = "<group>";
		};
		9A20A4D21B9B133100251ED0 /* Supporting Files */ = {
			isa = PBXGroup;
			children = (
				9A20A4D31B9B133100251ED0 /* Info.plist */,
				9A20A4D41B9B133100251ED0 /* main.m */,
			);
			name = "Supporting Files";
			sourceTree = "<group>";
		};
		9A20A4EB1B9B133100251ED0 /* CYLDispatchQueueSuspendTestTests */ = {
			isa = PBXGroup;
			children = (
				9A20A4EE1B9B133100251ED0 /* CYLDispatchQueueSuspendTestTests.m */,
				9A20A4EC1B9B133100251ED0 /* Supporting Files */,
			);
			path = CYLDispatchQueueSuspendTestTests;
			sourceTree = "<group>";
		};
		9A20A4EC1B9B133100251ED0 /* Supporting Files */ = {
			isa = PBXGroup;
			children = (
				9A20A4ED1B9B133100251ED0 /* Info.plist */,
			);
			name = "Supporting Files";
			sourceTree = "<group>";
		};
/* End PBXGroup section */

/* Begin PBXNativeTarget section */
		9A20A4CE1B9B133100251ED0 /* CYLDispatchQueueSuspendTest */ = {
			isa = PBXNativeTarget;
			buildConfigurationList = 9A20A4F21B9B133100251ED0 /* Build configuration list for PBXNativeTarget "CYLDispatchQueueSuspendTest" */;
			buildPhases = (
				9A20A4CB1B9B133100251ED0 /* Sources */,
				9A20A4CC1B9B133100251ED0 /* Frameworks */,
				9A20A4CD1B9B133100251ED0 /* Resources */,
			);
			buildRules = (
			);
			dependencies = (
			);
			name = CYLDispatchQueueSuspendTest;
			productName = CYLDispatchQueueSuspendTest;
			productReference = 9A20A4CF1B9B133100251ED0 /* CYLDispatchQueueSuspendTest.app */;
			productType = "com.apple.product-type.application";
		};
		9A20A4E71B9B133100251ED0 /* CYLDispatchQueueSuspendTestTests */ = {
			isa = PBXNativeTarget;
			buildConfigurationList = 9A20A4F51B9B133100251ED0 /* Build configuration list for PBXNativeTarget "CYLDispatchQueueSuspendTestTests" */;
			buildPhases = (
				9A20A4E41B9B133100251ED0 /* Sources */,
				9A20A4E51B9B133100251ED0 /* Frameworks */,
				9A20A4E61B9B133100251ED0 /* Resources */,
			);
			buildRules = (
			);
			dependencies = (
				9A20A4EA1B9B133100251ED0 /* PBXTargetDependency */,
			);
			name = CYLDispatchQueueSuspendTestTests;
			productName = CYLDispatchQueueSuspendTestTests;
			productReference = 9A20A4E81B9B133100251ED0 /* CYLDispatchQueueSuspendTestTests.xctest */;
			productType = "com.apple.product-type.bundle.unit-test";
		};
/* End PBXNativeTarget section */

/* Begin PBXProject section */
		9A20A4C71B9B133100251ED0 /* Project object */ = {
			isa = PBXProject;
			attributes = {
				LastUpgradeCheck = 0630;
				ORGANIZATIONNAME = "微博@iOS程序犭袁";
				TargetAttributes = {
					9A20A4CE1B9B133100251ED0 = {
						CreatedOnToolsVersion = 6.3;
					};
					9A20A4E71B9B133100251ED0 = {
						CreatedOnToolsVersion = 6.3;
						TestTargetID = 9A20A4CE1B9B133100251ED0;
					};
				};
			};
			buildConfigurationList = 9A20A4CA1B9B133100251ED0 /* Build configuration list for PBXProject "CYLDispatchQueueSuspendTest" */;
			compatibilityVersion = "Xcode 3.2";
			developmentRegion = English;
			hasScannedForEncodings = 0;
			knownRegions = (
				en,
				Base,
			);
			mainGroup = 9A20A4C61B9B133100251ED0;
			productRefGroup = 9A20A4D01B9B133100251ED0 /* Products */;
			projectDirPath = "";
			projectRoot = "";
			targets = (
				9A20A4CE1B9B133100251ED0 /* CYLDispatchQueueSuspendTest */,
				9A20A4E71B9B133100251ED0 /* CYLDispatchQueueSuspendTestTests */,
			);
		};
/* End PBXProject section */

/* Begin PBXResourcesBuildPhase section */
		9A20A4CD1B9B133100251ED0 /* Resources */ = {
			isa = PBXResourcesBuildPhase;
			buildActionMask = 2147483647;
			files = (
				9A20A4DE1B9B133100251ED0 /* Main.storyboard in Resources */,
				9A20A4E31B9B133100251ED0 /* LaunchScreen.xib in Resources */,
				9A20A4E01B9B133100251ED0 /* Images.xcassets in Resources */,
			);
			runOnlyForDeploymentPostprocessing = 0;
		};
		9A20A4E61B9B133100251ED0 /* Resources */ = {
			isa = PBXResourcesBuildPhase;
			buildActionMask = 2147483647;
			files = (
			);
			runOnlyForDeploymentPostprocessing = 0;
		};
/* End PBXResourcesBuildPhase section */

/* Begin PBXSourcesBuildPhase section */
		9A20A4CB1B9B133100251ED0 /* Sources */ = {
			isa = PBXSourcesBuildPhase;
			buildActionMask = 2147483647;
			files = (
				9A20A4DB1B9B133100251ED0 /* ViewController.m in Sources */,
				9A20A4D81B9B133100251ED0 /* AppDelegate.m in Sources */,
				9A20A4D51B9B133100251ED0 /* main.m in Sources */,
			);
			runOnlyForDeploymentPostprocessing = 0;
		};
		9A20A4E41B9B133100251ED0 /* Sources */ = {
			isa = PBXSourcesBuildPhase;
			buildActionMask = 2147483647;
			files = (
				9A20A4EF1B9B133100251ED0 /* CYLDispatchQueueSuspendTestTests.m in Sources */,
			);
			runOnlyForDeploymentPostprocessing = 0;
		};
/* End PBXSourcesBuildPhase section */

/* Begin PBXTargetDependency section */
		9A20A4EA1B9B133100251ED0 /* PBXTargetDependency */ = {
			isa = PBXTargetDependency;
			target = 9A20A4CE1B9B133100251ED0 /* CYLDispatchQueueSuspendTest */;
			targetProxy = 9A20A4E91B9B133100251ED0 /* PBXContainerItemProxy */;
		};
/* End PBXTargetDependency section */

/* Begin PBXVariantGroup section */
		9A20A4DC1B9B133100251ED0 /* Main.storyboard */ = {
			isa = PBXVariantGroup;
			children = (
				9A20A4DD1B9B133100251ED0 /* Base */,
			);
			name = Main.storyboard;
			sourceTree = "<group>";
		};
		9A20A4E11B9B133100251ED0 /* LaunchScreen.xib */ = {
			isa = PBXVariantGroup;
			children = (
				9A20A4E21B9B133100251ED0 /* Base */,
			);
			name = LaunchScreen.xib;
			sourceTree = "<group>";
		};
/* End PBXVariantGroup section */

/* Begin XCBuildConfiguration section */
		9A20A4F01B9B133100251ED0 /* Debug */ = {
			isa = XCBuildConfiguration;
			buildSettings = {
				ALWAYS_SEARCH_USER_PATHS = NO;
				CLANG_CXX_LANGUAGE_STANDARD = "gnu++0x";
				CLANG_CXX_LIBRARY = "libc++";
				CLANG_ENABLE_MODULES = YES;
				CLANG_ENABLE_OBJC_ARC = YES;
				CLANG_WARN_BOOL_CONVERSION = YES;
				CLANG_WARN_CONSTANT_CONVERSION = YES;
				CLANG_WARN_DIRECT_OBJC_ISA_USAGE = YES_ERROR;
				CLANG_WARN_EMPTY_BODY = YES;
				CLANG_WARN_ENUM_CONVERSION = YES;
				CLANG_WARN_INT_CONVERSION = YES;
				CLANG_WARN_OBJC_ROOT_CLASS = YES_ERROR;
				CLANG_WARN_UNREACHABLE_CODE = YES;
				CLANG_WARN__DUPLICATE_METHOD_MATCH = YES;
				"CODE_SIGN_IDENTITY[sdk=iphoneos*]" = "iPhone Developer";
				COPY_PHASE_STRIP = NO;
				DEBUG_INFORMATION_FORMAT = "dwarf-with-dsym";
				ENABLE_STRICT_OBJC_MSGSEND = YES;
				GCC_C_LANGUAGE_STANDARD = gnu99;
				GCC_DYNAMIC_NO_PIC = NO;
				GCC_NO_COMMON_BLOCKS = YES;
				GCC_OPTIMIZATION_LEVEL = 0;
				GCC_PREPROCESSOR_DEFINITIONS = (
					"DEBUG=1",
					"$(inherited)",
				);
				GCC_SYMBOLS_PRIVATE_EXTERN = NO;
				GCC_WARN_64_TO_32_BIT_CONVERSION = YES;
				GCC_WARN_ABOUT_RETURN_TYPE = YES_ERROR;
				GCC_WARN_UNDECLARED_SELECTOR = YES;
				GCC_WARN_UNINITIALIZED_AUTOS = YES_AGGRESSIVE;
				GCC_WARN_UNUSED_FUNCTION = YES;
				GCC_WARN_UNUSED_VARIABLE = YES;
				IPHONEOS_DEPLOYMENT_TARGET = 8.3;
				MTL_ENABLE_DEBUG_INFO = YES;
				ONLY_ACTIVE_ARCH = YES;
				SDKROOT = iphoneos;
				TARGETED_DEVICE_FAMILY = "1,2";
			};
			name = Debug;
		};
		9A20A4F11B9B133100251ED0 /* Release */ = {
			isa = XCBuildConfiguration;
			buildSettings = {
				ALWAYS_SEARCH_USER_PATHS = NO;
				CLANG_CXX_LANGUAGE_STANDARD = "gnu++0x";
				CLANG_CXX_LIBRARY = "libc++";
				CLANG_ENABLE_MODULES = YES;
				CLANG_ENABLE_OBJC_ARC = YES;
				CLANG_WARN_BOOL_CONVERSION = YES;
				CLANG_WARN_CONSTANT_CONVERSION = YES;
				CLANG_WARN_DIRECT_OBJC_ISA_USAGE = YES_ERROR;
				CLANG_WARN_EMPTY_BODY = YES;
				CLANG_WARN_ENUM_CONVERSION = YES;
				CLANG_WARN_INT_CONVERSION = YES;
				CLANG_WARN_OBJC_ROOT_CLASS = YES_ERROR;
				CLANG_WARN_UNREACHABLE_CODE = YES;
				CLANG_WARN__DUPLICATE_METHOD_MATCH = YES;
				"CODE_SIGN_IDENTITY[sdk=iphoneos*]" = "iPhone Developer";
				COPY_PHASE_STRIP = NO;
				DEBUG_INFORMATION_FORMAT = "dwarf-with-dsym";
				ENABLE_NS_ASSERTIONS = NO;
				ENABLE_STRICT_OBJC_MSGSEND = YES;
				GCC_C_LANGUAGE_STANDARD = gnu99;
				GCC_NO_COMMON_BLOCKS = YES;
				GCC_WARN_64_TO_32_BIT_CONVERSION = YES;
				GCC_WARN_ABOUT_RETURN_TYPE = YES_ERROR;
				GCC_WARN_UNDECLARED_SELECTOR = YES;
				GCC_WARN_UNINITIALIZED_AUTOS = YES_AGGRESSIVE;
				GCC_WARN_UNUSED_FUNCTION = YES;
				GCC_WARN_UNUSED_VARIABLE = YES;
				IPHONEOS_DEPLOYMENT_TARGET = 8.3;
				MTL_ENABLE_DEBUG_INFO = NO;
				SDKROOT = iphoneos;
				TARGETED_DEVICE_FAMILY = "1,2";
				VALIDATE_PRODUCT = YES;
			};
			name = Release;
		};
		9A20A4F31B9B133100251ED0 /* Debug */ = {
			isa = XCBuildConfiguration;
			buildSettings = {
				ASSETCATALOG_COMPILER_APPICON_NAME = AppIcon;
				INFOPLIST_FILE = CYLDispatchQueueSuspendTest/Info.plist;
				LD_RUNPATH_SEARCH_PATHS = "$(inherited) @executable_path/Frameworks";
				PRODUCT_NAME = "$(TARGET_NAME)";
			};
			name = Debug;
		};
		9A20A4F41B9B133100251ED0 /* Release */ = {
			isa = XCBuildConfiguration;
			buildSettings = {
				ASSETCATALOG_COMPILER_APPICON_NAME = AppIcon;
				INFOPLIST_FILE = CYLDispatchQueueSuspendTest/Info.plist;
				LD_RUNPATH_SEARCH_PATHS = "$(inherited) @executable_path/Frameworks";
				PRODUCT_NAME = "$(TARGET_NAME)";
			};
			name = Release;
		};
		9A20A4F61B9B133100251ED0 /* Debug */ = {
			isa = XCBuildConfiguration;
			buildSettings = {
				BUNDLE_LOADER = "$(TEST_HOST)";
				FRAMEWORK_SEARCH_PATHS = (
					"$(SDKROOT)/Developer/Library/Frameworks",
					"$(inherited)",
				);
				GCC_PREPROCESSOR_DEFINITIONS = (
					"DEBUG=1",
					"$(inherited)",
				);
				INFOPLIST_FILE = CYLDispatchQueueSuspendTestTests/Info.plist;
				LD_RUNPATH_SEARCH_PATHS = "$(inherited) @executable_path/Frameworks @loader_path/Frameworks";
				PRODUCT_NAME = "$(TARGET_NAME)";
				TEST_HOST = "$(BUILT_PRODUCTS_DIR)/CYLDispatchQueueSuspendTest.app/CYLDispatchQueueSuspendTest";
			};
			name = Debug;
		};
		9A20A4F71B9B133100251ED0 /* Release */ = {
			isa = XCBuildConfiguration;
			buildSettings = {
				BUNDLE_LOADER = "$(TEST_HOST)";
				FRAMEWORK_SEARCH_PATHS = (
					"$(SDKROOT)/Developer/Library/Frameworks",
					"$(inherited)",
				);
				INFOPLIST_FILE = CYLDispatchQueueSuspendTestTests/Info.plist;
				LD_RUNPATH_SEARCH_PATHS = "$(inherited) @executable_path/Frameworks @loader_path/Frameworks";
				PRODUCT_NAME = "$(TARGET_NAME)";
				TEST_HOST = "$(BUILT_PRODUCTS_DIR)/CYLDispatchQueueSuspendTest.app/CYLDispatchQueueSuspendTest";
			};
			name = Release;
		};
/* End XCBuildConfiguration section */

/* Begin XCConfigurationList section */
		9A20A4CA1B9B133100251ED0 /* Build configuration list for PBXProject "CYLDispatchQueueSuspendTest" */ = {
			isa = XCConfigurationList;
			buildConfigurations = (
				9A20A4F01B9B133100251ED0 /* Debug */,
				9A20A4F11B9B133100251ED0 /* Release */,
			);
			defaultConfigurationIsVisible = 0;
			defaultConfigurationName = Release;
		};
		9A20A4F21B9B133100251ED0 /* Build configuration list for PBXNativeTarget "CYLDispatchQueueSuspendTest" */ = {
			isa = XCConfigurationList;
			buildConfigurations = (
				9A20A4F31B9B133100251ED0 /* Debug */,
				9A20A4F41B9B133100251ED0 /* Release */,
			);
			defaultConfigurationIsVisible = 0;
		};
		9A20A4F51B9B133100251ED0 /* Build configuration list for PBXNativeTarget "CYLDispatchQueueSuspendTestTests" */ = {
			isa = XCConfigurationList;
			buildConfigurations = (
				9A20A4F61B9B133100251ED0 /* Debug */,
				9A20A4F71B9B133100251ED0 /* Release */,
			);
			defaultConfigurationIsVisible = 0;
		};
/* End XCConfigurationList section */
	};
	rootObject = 9A20A4C71B9B133100251ED0 /* Project object */;
}
